
Microsoft Visual Studio Solution File, Format Version 12.00
# Visual Studio Version 17
VisualStudioVersion = 17.4.33213.308
MinimumVisualStudioVersion = 10.0.40219.1
Project("{FAE04EC0-301F-11D3-BF4B-00C04F79EFBC}") = "note2", "note2\note2.csproj", "{88D8287E-448D-441B-93A5-DA95723D9FB6}"
EndProject
Global
	GlobalSection(SolutionConfigurationPlatforms) = preSolution
		Debug|Any CPU = Debug|Any CPU
		Release|Any CPU = Release|Any CPU
	EndGlobalSection
	GlobalSection(ProjectConfigurationPlatforms) = postSolution
		{88D8287E-448D-441B-93A5-DA95723D9FB6}.Debug|Any CPU.ActiveCfg = Debug|Any CPU
		{88D8287E-448D-441B-93A5-DA95723D9FB6}.Debug|Any CPU.Build.0 = Debug|Any CPU
		{88D8287E-448D-441B-93A5-DA95723D9FB6}.Release|Any CPU.ActiveCfg = Release|Any CPU
		{88D8287E-448D-441B-93A5-DA95723D9FB6}.Release|Any CPU.Build.0 = Release|Any CPU
	EndGlobalSection
	GlobalSection(SolutionProperties) = preSolution
		HideSolutionNode = FALSE
	EndGlobalSection
	GlobalSection(ExtensibilityGlobals) = postSolution
		SolutionGuid = {E77B51C4-82DD-47AB-B703-B809FB3727F9}
	EndGlobalSection
EndGlobal
